
Microsoft Visual Studio Solution File, Format Version 12.00
# Visual Studio Version 17
VisualStudioVersion = 17.5.002.0
MinimumVisualStudioVersion = 10.0.40219.1
Project("{9A19103F-16F7-4668-BE54-9A1E7A4F7556}") = "Snow", "Snow.csproj", "{C2C4D666-B93A-4143-9D4C-8E1F09B593A6}"
EndProject
Global
	GlobalSection(SolutionConfigurationPlatforms) = preSolution
		Debug|Any CPU = Debug|Any CPU
		Release|Any CPU = Release|Any CPU
	EndGlobalSection
	GlobalSection(ProjectConfigurationPlatforms) = postSolution
		{C2C4D666-B93A-4143-9D4C-8E1F09B593A6}.Debug|Any CPU.ActiveCfg = Debug|Any CPU
		{C2C4D666-B93A-4143-9D4C-8E1F09B593A6}.Debug|Any CPU.Build.0 = Debug|Any CPU
		{C2C4D666-B93A-4143-9D4C-8E1F09B593A6}.Release|Any CPU.ActiveCfg = Release|Any CPU
		{C2C4D666-B93A-4143-9D4C-8E1F09B593A6}.Release|Any CPU.Build.0 = Release|Any CPU
	EndGlobalSection
	GlobalSection(SolutionProperties) = preSolution
		HideSolutionNode = FALSE
	EndGlobalSection
	GlobalSection(ExtensibilityGlobals) = postSolution
		SolutionGuid = {5A0AE769-63C2-4BF4-AD7A-41967F648CE7}
	EndGlobalSection
EndGlobal
